// !$*UTF8*$!
{
	archiveVersion = 1;
	classes = {
	};
	objectVersion = 46;
	objects = {

/* Begin PBXBuildFile section */
		22DC419F1BC6063B00124D0A /* AppDelegate.swift in Sources */ = {isa = PBXBuildFile; fileRef = 22DC419E1BC6063B00124D0A /* AppDelegate.swift */; };
		22DC41A11BC6063B00124D0A /* ViewController.swift in Sources */ = {isa = PBXBuildFile; fileRef = 22DC41A01BC6063B00124D0A /* ViewController.swift */; };
		22DC41A41BC6063B00124D0A /* Main.storyboard in Resources */ = {isa = PBXBuildFile; fileRef = 22DC41A21BC6063B00124D0A /* Main.storyboard */; };
		22DC41A61BC6063B00124D0A /* Assets.xcassets in Resources */ = {isa = PBXBuildFile; fileRef = 22DC41A51BC6063B00124D0A /* Assets.xcassets */; };
		22DC41A91BC6063B00124D0A /* LaunchScreen.storyboard in Resources */ = {isa = PBXBuildFile; fileRef = 22DC41A71BC6063B00124D0A /* LaunchScreen.storyboard */; };
/* End PBXBuildFile section */

/* Begin PBXFileReference section */
		22DC419B1BC6063B00124D0A /* SmileyFaces.app */ = {isa = PBXFileReference; explicitFileType = wrapper.application; includeInIndex = 0; path = SmileyFaces.app; sourceTree = BUILT_PRODUCTS_DIR; };
		22DC419E1BC6063B00124D0A /* AppDelegate.swift */ = {isa = PBXFileReference; lastKnownFileType = sourcecode.swift; path = AppDelegate.swift; sourceTree = "<group>"; };
		22DC41A01BC6063B00124D0A /* ViewController.swift */ = {isa = PBXFileReference; lastKnownFileType = sourcecode.swift; path = ViewController.swift; sourceTree = "<group>"; };
		22DC41A31BC6063B00124D0A /* Base */ = {isa = PBXFileReference; lastKnownFileType = file.storyboard; name = Base; path = Base.lproj/Main.storyboard; sourceTree = "<group>"; };
		22DC41A51BC6063B00124D0A /* Assets.xcassets */ = {isa = PBXFileReference; lastKnownFileType = folder.assetcatalog; path = Assets.xcassets; sourceTree = "<group>"; };
		22DC41A81BC6063B00124D0A /* Base */ = {isa = PBXFileReference; lastKnownFileType = file.storyboard; name = Base; path = Base.lproj/LaunchScreen.storyboard; sourceTree = "<group>"; };
		22DC41AA1BC6063B00124D0A /* Info.plist */ = {isa = PBXFileReference; lastKnownFileType = text.plist.xml; path = Info.plist; sourceTree = "<group>"; };
/* End PBXFileReference section */

/* Begin PBXFrameworksBuildPhase section */
		22DC41981BC6063B00124D0A /* Frameworks */ = {
			isa = PBXFrameworksBuildPhase;
			buildActionMask = 2147483647;
			files = (
			);
			runOnlyForDeploymentPostprocessing = 0;
		};
/* End PBXFrameworksBuildPhase section */

/* Begin PBXGroup section */
		22DC41921BC6063B00124D0A = {
			isa = PBXGroup;
			children = (
				22DC419D1BC6063B00124D0A /* SmileyFaces */,
				22DC419C1BC6063B00124D0A /* Products */,
			);
			sourceTree = "<group>";
		};
		22DC419C1BC6063B00124D0A /* Products */ = {
			isa = PBXGroup;
			children = (
				22DC419B1BC6063B00124D0A /* SmileyFaces.app */,
			);
			name = Products;
			sourceTree = "<group>";
		};
		22DC419D1BC6063B00124D0A /* SmileyFaces */ = {
			isa = PBXGroup;
			children = (
				22DC419E1BC6063B00124D0A /* AppDelegate.swift */,
				22DC41A01BC6063B00124D0A /* ViewController.swift */,
				22DC41A21BC6063B00124D0A /* Main.storyboard */,
				22DC41A51BC6063B00124D0A /* Assets.xcassets */,
				22DC41A71BC6063B00124D0A /* LaunchScreen.storyboard */,
				22DC41AA1BC6063B00124D0A /* Info.plist */,
			);
			path = SmileyFaces;
			sourceTree = "<group>";
		};
/* End PBXGroup section */

/* Begin PBXNativeTarget section */
		22DC419A1BC6063B00124D0A /* SmileyFaces */ = {
			isa = PBXNativeTarget;
			buildConfigurationList = 22DC41AD1BC6063B00124D0A /* Build configuration list for PBXNativeTarget "SmileyFaces" */;
			buildPhases = (
				22DC41971BC6063B00124D0A /* Sources */,
				22DC41981BC6063B00124D0A /* Frameworks */,
				22DC41991BC6063B00124D0A /* Resources */,
			);
			buildRules = (
			);
			dependencies = (
			);
			name = SmileyFaces;
			productName = SmileyFaces;
			productReference = 22DC419B1BC6063B00124D0A /* SmileyFaces.app */;
			productType = "com.apple.product-type.application";
		};
/* End PBXNativeTarget section */

/* Begin PBXProject section */
		22DC41931BC6063B00124D0A /* Project object */ = {
			isa = PBXProject;
			attributes = {
				LastUpgradeCheck = 0700;
				ORGANIZATIONNAME = Wealthfront;
				TargetAttributes = {
					22DC419A1BC6063B00124D0A = {
						CreatedOnToolsVersion = 7.0;
					};
				};
			};
			buildConfigurationList = 22DC41961BC6063B00124D0A /* Build configuration list for PBXProject "SmileyFaces" */;
			compatibilityVersion = "Xcode 3.2";
			developmentRegion = English;
			hasScannedForEncodings = 0;
			knownRegions = (
				en,
				Base,
			);
			mainGroup = 22DC41921BC6063B00124D0A;
			productRefGroup = 22DC419C1BC6063B00124D0A /* Products */;
			projectDirPath = "";
			projectRoot = "";
			targets = (
				22DC419A1BC6063B00124D0A /* SmileyFaces */,
			);
		};
/* End PBXProject section */

/* Begin PBXResourcesBuildPhase section */
		22DC41991BC6063B00124D0A /* Resources */ = {
			isa = PBXResourcesBuildPhase;
			buildActionMask = 2147483647;
			files = (
				22DC41A91BC6063B00124D0A /* LaunchScreen.storyboard in Resources */,
				22DC41A61BC6063B00124D0A /* Assets.xcassets in Resources */,
				22DC41A41BC6063B00124D0A /* Main.storyboard in Resources */,
			);
			runOnlyForDeploymentPostprocessing = 0;
		};
/* End PBXResourcesBuildPhase section */

/* Begin PBXSourcesBuildPhase section */
		22DC41971BC6063B00124D0A /* Sources */ = {
			isa = PBXSourcesBuildPhase;
			buildActionMask = 2147483647;
			files = (
				22DC41A11BC6063B00124D0A /* ViewController.swift in Sources */,
				22DC419F1BC6063B00124D0A /* AppDelegate.swift in Sources */,
			);
			runOnlyForDeploymentPostprocessing = 0;
		};
/* End PBXSourcesBuildPhase section */

/* Begin PBXVariantGroup section */
		22DC41A21BC6063B00124D0A /* Main.storyboard */ = {
			isa = PBXVariantGroup;
			children = (
				22DC41A31BC6063B00124D0A /* Base */,
			);
			name = Main.storyboard;
			sourceTree = "<group>";
		};
		22DC41A71BC6063B00124D0A /* LaunchScreen.storyboard */ = {
			isa = PBXVariantGroup;
			children = (
				22DC41A81BC6063B00124D0A /* Base */,
			);
			name = LaunchScreen.storyboard;
			sourceTree = "<group>";
		};
/* End PBXVariantGroup section */

/* Begin XCBuildConfiguration section */
		22DC41AB1BC6063B00124D0A /* Debug */ = {
			isa = XCBuildConfiguration;
			buildSettings = {
				ALWAYS_SEARCH_USER_PATHS = NO;
				CLANG_CXX_LANGUAGE_STANDARD = "gnu++0x";
				CLANG_CXX_LIBRARY = "libc++";
				CLANG_ENABLE_MODULES = YES;
				CLANG_ENABLE_OBJC_ARC = YES;
				CLANG_WARN_BOOL_CONVERSION = YES;
				CLANG_WARN_CONSTANT_CONVERSION = YES;
				CLANG_WARN_DIRECT_OBJC_ISA_USAGE = YES_ERROR;
				CLANG_WARN_EMPTY_BODY = YES;
				CLANG_WARN_ENUM_CONVERSION = YES;
				CLANG_WARN_INT_CONVERSION = YES;
				CLANG_WARN_OBJC_ROOT_CLASS = YES_ERROR;
				CLANG_WARN_UNREACHABLE_CODE = YES;
				CLANG_WARN__DUPLICATE_METHOD_MATCH = YES;
				"CODE_SIGN_IDENTITY[sdk=iphoneos*]" = "iPhone Developer";
				COPY_PHASE_STRIP = NO;
				DEBUG_INFORMATION_FORMAT = dwarf;
				ENABLE_STRICT_OBJC_MSGSEND = YES;
				ENABLE_TESTABILITY = YES;
				GCC_C_LANGUAGE_STANDARD = gnu99;
				GCC_DYNAMIC_NO_PIC = NO;
				GCC_NO_COMMON_BLOCKS = YES;
				GCC_OPTIMIZATION_LEVEL = 0;
				GCC_PREPROCESSOR_DEFINITIONS = (
					"DEBUG=1",
					"$(inherited)",
				);
				GCC_WARN_64_TO_32_BIT_CONVERSION = YES;
				GCC_WARN_ABOUT_RETURN_TYPE = YES_ERROR;
				GCC_WARN_UNDECLARED_SELECTOR = YES;
				GCC_WARN_UNINITIALIZED_AUTOS = YES_AGGRESSIVE;
				GCC_WARN_UNUSED_FUNCTION = YES;
				GCC_WARN_UNUSED_VARIABLE = YES;
				IPHONEOS_DEPLOYMENT_TARGET = 9.0;
				MTL_ENABLE_DEBUG_INFO = YES;
				ONLY_ACTIVE_ARCH = YES;
				SDKROOT = iphoneos;
				SWIFT_OPTIMIZATION_LEVEL = "-Onone";
			};
			name = Debug;
		};
		22DC41AC1BC6063B00124D0A /* Release */ = {
			isa = XCBuildConfiguration;
			buildSettings = {
				ALWAYS_SEARCH_USER_PATHS = NO;
				CLANG_CXX_LANGUAGE_STANDARD = "gnu++0x";
				CLANG_CXX_LIBRARY = "libc++";
				CLANG_ENABLE_MODULES = YES;
				CLANG_ENABLE_OBJC_ARC = YES;
				CLANG_WARN_BOOL_CONVERSION = YES;
				CLANG_WARN_CONSTANT_CONVERSION = YES;
				CLANG_WARN_DIRECT_OBJC_ISA_USAGE = YES_ERROR;
				CLANG_WARN_EMPTY_BODY = YES;
				CLANG_WARN_ENUM_CONVERSION = YES;
				CLANG_WARN_INT_CONVERSION = YES;
				CLANG_WARN_OBJC_ROOT_CLASS = YES_ERROR;
				CLANG_WARN_UNREACHABLE_CODE = YES;
				CLANG_WARN__DUPLICATE_METHOD_MATCH = YES;
				"CODE_SIGN_IDENTITY[sdk=iphoneos*]" = "iPhone Developer";
				COPY_PHASE_STRIP = NO;
				DEBUG_INFORMATION_FORMAT = "dwarf-with-dsym";
				ENABLE_NS_ASSERTIONS = NO;
				ENABLE_STRICT_OBJC_MSGSEND = YES;
				GCC_C_LANGUAGE_STANDARD = gnu99;
				GCC_NO_COMMON_BLOCKS = YES;
				GCC_WARN_64_TO_32_BIT_CONVERSION = YES;
				GCC_WARN_ABOUT_RETURN_TYPE = YES_ERROR;
				GCC_WARN_UNDECLARED_SELECTOR = YES;
				GCC_WARN_UNINITIALIZED_AUTOS = YES_AGGRESSIVE;
				GCC_WARN_UNUSED_FUNCTION = YES;
				GCC_WARN_UNUSED_VARIABLE = YES;
				IPHONEOS_DEPLOYMENT_TARGET = 9.0;
				MTL_ENABLE_DEBUG_INFO = NO;
				SDKROOT = iphoneos;
				VALIDATE_PRODUCT = YES;
			};
			name = Release;
		};
		22DC41AE1BC6063B00124D0A /* Debug */ = {
			isa = XCBuildConfiguration;
			buildSettings = {
				ASSETCATALOG_COMPILER_APPICON_NAME = AppIcon;
				INFOPLIST_FILE = SmileyFaces/Info.plist;
				LD_RUNPATH_SEARCH_PATHS = "$(inherited) @executable_path/Frameworks";
				PRODUCT_BUNDLE_IDENTIFIER = shubik.SmileyFaces;
				PRODUCT_NAME = "$(TARGET_NAME)";
			};
			name = Debug;
		};
		22DC41AF1BC6063B00124D0A /* Release */ = {
			isa = XCBuildConfiguration;
			buildSettings = {
				ASSETCATALOG_COMPILER_APPICON_NAME = AppIcon;
				INFOPLIST_FILE = SmileyFaces/Info.plist;
				LD_RUNPATH_SEARCH_PATHS = "$(inherited) @executable_path/Frameworks";
				PRODUCT_BUNDLE_IDENTIFIER = shubik.SmileyFaces;
				PRODUCT_NAME = "$(TARGET_NAME)";
			};
			name = Release;
		};
/* End XCBuildConfiguration section */

/* Begin XCConfigurationList section */
		22DC41961BC6063B00124D0A /* Build configuration list for PBXProject "SmileyFaces" */ = {
			isa = XCConfigurationList;
			buildConfigurations = (
				22DC41AB1BC6063B00124D0A /* Debug */,
				22DC41AC1BC6063B00124D0A /* Release */,
			);
			defaultConfigurationIsVisible = 0;
			defaultConfigurationName = Release;
		};
		22DC41AD1BC6063B00124D0A /* Build configuration list for PBXNativeTarget "SmileyFaces" */ = {
			isa = XCConfigurationList;
			buildConfigurations = (
				22DC41AE1BC6063B00124D0A /* Debug */,
				22DC41AF1BC6063B00124D0A /* Release */,
			);
			defaultConfigurationIsVisible = 0;
		};
/* End XCConfigurationList section */
	};
	rootObject = 22DC41931BC6063B00124D0A /* Project object */;
}
